
Microsoft Visual Studio Solution File, Format Version 12.00
# Visual Studio Version 16
VisualStudioVersion = 16.0.29613.14
MinimumVisualStudioVersion = 10.0.40219.1
Project("{8BC9CEB8-8B4A-11D0-8D11-00A0C91BC942}") = "my", "my\my.vcxproj", "{425C394F-D9FF-4522-B5F3-2FAC3CD2CD78}"
EndProject
Global
	GlobalSection(SolutionConfigurationPlatforms) = preSolution
		Debug|x64 = Debug|x64
		Debug|x86 = Debug|x86
		Release|x64 = Release|x64
		Release|x86 = Release|x86
	EndGlobalSection
	GlobalSection(ProjectConfigurationPlatforms) = postSolution
		{425C394F-D9FF-4522-B5F3-2FAC3CD2CD78}.Debug|x64.ActiveCfg = Debug|x64
		{425C394F-D9FF-4522-B5F3-2FAC3CD2CD78}.Debug|x64.Build.0 = Debug|x64
		{425C394F-D9FF-4522-B5F3-2FAC3CD2CD78}.Debug|x86.ActiveCfg = Debug|Win32
		{425C394F-D9FF-4522-B5F3-2FAC3CD2CD78}.Debug|x86.Build.0 = Debug|Win32
		{425C394F-D9FF-4522-B5F3-2FAC3CD2CD78}.Release|x64.ActiveCfg = Release|x64
		{425C394F-D9FF-4522-B5F3-2FAC3CD2CD78}.Release|x64.Build.0 = Release|x64
		{425C394F-D9FF-4522-B5F3-2FAC3CD2CD78}.Release|x86.ActiveCfg = Release|Win32
		{425C394F-D9FF-4522-B5F3-2FAC3CD2CD78}.Release|x86.Build.0 = Release|Win32
	EndGlobalSection
	GlobalSection(SolutionProperties) = preSolution
		HideSolutionNode = FALSE
	EndGlobalSection
	GlobalSection(ExtensibilityGlobals) = postSolution
		SolutionGuid = {233826F3-DD83-4E8E-A263-51F87973B320}
	EndGlobalSection
EndGlobal
